{
  "nodes": {
    "nixpkgs": {
      "locked": {
        "lastModified": 1679281263,
        "narHash": "sha256-neMref1GTruSLt1jBgAw+lvGsZj8arQYfdxvSi5yp4Q=",
        "owner": "nixos",
        "repo": "nixpkgs",
        "rev": "8276a165b9fa3db1a7a4f29ee29b680e0799b9dc",
        "type": "github"
      },
      "original": {
        "owner": "nixos",
        "ref": "nixpkgs-unstable",
        "repo": "nixpkgs",
        "type": "github"
      }
    },
    "root": {
      "inputs": {
        "nixpkgs": "nixpkgs"
      }
    }
  },
  "root": "root",
  "version": 7
}
